
Microsoft Visual Studio Solution File, Format Version 12.00
# Visual Studio Version 17
VisualStudioVersion = 17.0.31903.59
MinimumVisualStudioVersion = 10.0.40219.1
Project("{2150E333-8FDC-42A3-9474-1A3956D46DE8}") = "Api", "Api", "{70B7271F-E447-43C5-BAA8-589464D1D8BF}"
EndProject
Project("{2150E333-8FDC-42A3-9474-1A3956D46DE8}") = "Framework", "Framework", "{2170BD93-2350-414A-BA0F-BE1E71ABFF68}"
EndProject
Project("{9A19103F-16F7-4668-BE54-9A1E7A4F7556}") = "ATCer.Api.Core", "Api\ATCer.Api.Core\ATCer.Api.Core.csproj", "{4206BB4D-29BA-45C0-BCE8-F7B1F6184989}"
EndProject
Project("{9A19103F-16F7-4668-BE54-9A1E7A4F7556}") = "ATCer.Api.Entry", "Api\ATCer.Api.Entry\ATCer.Api.Entry.csproj", "{55F4587F-152D-45C2-8F42-24AE7E88FFEB}"
EndProject
Project("{2150E333-8FDC-42A3-9474-1A3956D46DE8}") = "Client", "Client", "{4FBB8EA4-A1F9-48AA-A693-382664D2C1E3}"
EndProject
Project("{9A19103F-16F7-4668-BE54-9A1E7A4F7556}") = "ATCer.Client.Entry", "Client\ATCer.Client.Entry\ATCer.Client.Entry.csproj", "{2A079B52-D3CA-4D22-8E05-35304DBC6EBD}"
EndProject
Project("{9A19103F-16F7-4668-BE54-9A1E7A4F7556}") = "ATCer.Entry", "ATCer.Entry\ATCer.Entry.csproj", "{7C766D7C-876E-4513-9406-74B3A5CF2589}"
EndProject
Project("{9A19103F-16F7-4668-BE54-9A1E7A4F7556}") = "ATCer.MessageQueue", "Framework\ATCer.MessageQueue\ATCer.MessageQueue.csproj", "{B4269AFC-CE63-48FE-A317-1B53FC1E41C4}"
EndProject
Project("{9A19103F-16F7-4668-BE54-9A1E7A4F7556}") = "ATCer.WiseATC", "Framework\ATCer.WiseATC\ATCer.WiseATC.csproj", "{68EE1BCF-370A-41D2-A3C0-BB5563325657}"
EndProject
Project("{9A19103F-16F7-4668-BE54-9A1E7A4F7556}") = "ATCer.DataRecorder", "Framework\ATCer.DataRecorder\ATCer.DataRecorder.csproj", "{8C9FDC87-333B-4ACE-8FB0-698BEBCE40DD}"
EndProject
Project("{9A19103F-16F7-4668-BE54-9A1E7A4F7556}") = "ATCer.FDE", "Framework\ATCer.FDE\ATCer.FDE.csproj", "{FC286D5E-376F-4F80-A4FE-A1E36BB148C3}"
EndProject
Project("{9A19103F-16F7-4668-BE54-9A1E7A4F7556}") = "ATCer.Cap", "Framework\ATCer.Cap\ATCer.Cap.csproj", "{297F090C-8BB5-4384-90C2-33936EFDEAF6}"
EndProject
Project("{9A19103F-16F7-4668-BE54-9A1E7A4F7556}") = "ATCer.Core", "Framework\ATCer.Core\ATCer.Core.csproj", "{C891982C-99D3-45D1-B4A9-FE39A0A65CFE}"
EndProject
Project("{9A19103F-16F7-4668-BE54-9A1E7A4F7556}") = "ATCer.Application", "Framework\ATCer.Application\ATCer.Application.csproj", "{08884BC8-BE3F-4E85-A02C-5842BC75D82C}"
EndProject
Project("{9A19103F-16F7-4668-BE54-9A1E7A4F7556}") = "ATCer.Client.Core", "Client\ATCer.Client.Core\ATCer.Client.Core.csproj", "{E9BC3BE7-E9DF-409E-B11E-12C865328C65}"
EndProject
Project("{9A19103F-16F7-4668-BE54-9A1E7A4F7556}") = "ATCer.Client.Base", "Client\ATCer.Client.Base\ATCer.Client.Base.csproj", "{A64DD04F-62C7-4206-BA40-C7D8741B0CDC}"
EndProject
Project("{9A19103F-16F7-4668-BE54-9A1E7A4F7556}") = "ATCer.Client.Application", "Client\ATCer.Client.Application\ATCer.Client.Application.csproj", "{F4CEC35D-C3FE-4D1C-BE83-33247CEFB697}"
EndProject
Project("{9A19103F-16F7-4668-BE54-9A1E7A4F7556}") = "ATCer", "Framework\ATCer\ATCer.csproj", "{1326ED00-EF84-4938-975C-4A678CF01B5B}"
EndProject
Project("{9A19103F-16F7-4668-BE54-9A1E7A4F7556}") = "ATCer.Client.MAUI", "Client\ATCer.Client.MAUI\ATCer.Client.MAUI.csproj", "{4E12FF87-0FB8-4B46-9FCB-7258474056AE}"
EndProject
Project("{9A19103F-16F7-4668-BE54-9A1E7A4F7556}") = "ATCer.Client.WPF", "Client\ATCer.Client.WPF\ATCer.Client.WPF.csproj", "{56784010-9580-46D4-9009-9976544031CF}"
EndProject
Global
	GlobalSection(SolutionConfigurationPlatforms) = preSolution
		Debug|Any CPU = Debug|Any CPU
		Release|Any CPU = Release|Any CPU
	EndGlobalSection
	GlobalSection(ProjectConfigurationPlatforms) = postSolution
		{4206BB4D-29BA-45C0-BCE8-F7B1F6184989}.Debug|Any CPU.ActiveCfg = Debug|Any CPU
		{4206BB4D-29BA-45C0-BCE8-F7B1F6184989}.Debug|Any CPU.Build.0 = Debug|Any CPU
		{4206BB4D-29BA-45C0-BCE8-F7B1F6184989}.Release|Any CPU.ActiveCfg = Release|Any CPU
		{4206BB4D-29BA-45C0-BCE8-F7B1F6184989}.Release|Any CPU.Build.0 = Release|Any CPU
		{55F4587F-152D-45C2-8F42-24AE7E88FFEB}.Debug|Any CPU.ActiveCfg = Debug|Any CPU
		{55F4587F-152D-45C2-8F42-24AE7E88FFEB}.Debug|Any CPU.Build.0 = Debug|Any CPU
		{55F4587F-152D-45C2-8F42-24AE7E88FFEB}.Release|Any CPU.ActiveCfg = Release|Any CPU
		{55F4587F-152D-45C2-8F42-24AE7E88FFEB}.Release|Any CPU.Build.0 = Release|Any CPU
		{2A079B52-D3CA-4D22-8E05-35304DBC6EBD}.Debug|Any CPU.ActiveCfg = Debug|Any CPU
		{2A079B52-D3CA-4D22-8E05-35304DBC6EBD}.Debug|Any CPU.Build.0 = Debug|Any CPU
		{2A079B52-D3CA-4D22-8E05-35304DBC6EBD}.Release|Any CPU.ActiveCfg = Release|Any CPU
		{2A079B52-D3CA-4D22-8E05-35304DBC6EBD}.Release|Any CPU.Build.0 = Release|Any CPU
		{7C766D7C-876E-4513-9406-74B3A5CF2589}.Debug|Any CPU.ActiveCfg = Debug|Any CPU
		{7C766D7C-876E-4513-9406-74B3A5CF2589}.Debug|Any CPU.Build.0 = Debug|Any CPU
		{7C766D7C-876E-4513-9406-74B3A5CF2589}.Release|Any CPU.ActiveCfg = Release|Any CPU
		{7C766D7C-876E-4513-9406-74B3A5CF2589}.Release|Any CPU.Build.0 = Release|Any CPU
		{B4269AFC-CE63-48FE-A317-1B53FC1E41C4}.Debug|Any CPU.ActiveCfg = Debug|Any CPU
		{B4269AFC-CE63-48FE-A317-1B53FC1E41C4}.Debug|Any CPU.Build.0 = Debug|Any CPU
		{B4269AFC-CE63-48FE-A317-1B53FC1E41C4}.Release|Any CPU.ActiveCfg = Release|Any CPU
		{B4269AFC-CE63-48FE-A317-1B53FC1E41C4}.Release|Any CPU.Build.0 = Release|Any CPU
		{68EE1BCF-370A-41D2-A3C0-BB5563325657}.Debug|Any CPU.ActiveCfg = Debug|Any CPU
		{68EE1BCF-370A-41D2-A3C0-BB5563325657}.Debug|Any CPU.Build.0 = Debug|Any CPU
		{68EE1BCF-370A-41D2-A3C0-BB5563325657}.Release|Any CPU.ActiveCfg = Release|Any CPU
		{68EE1BCF-370A-41D2-A3C0-BB5563325657}.Release|Any CPU.Build.0 = Release|Any CPU
		{8C9FDC87-333B-4ACE-8FB0-698BEBCE40DD}.Debug|Any CPU.ActiveCfg = Debug|Any CPU
		{8C9FDC87-333B-4ACE-8FB0-698BEBCE40DD}.Debug|Any CPU.Build.0 = Debug|Any CPU
		{8C9FDC87-333B-4ACE-8FB0-698BEBCE40DD}.Release|Any CPU.ActiveCfg = Release|Any CPU
		{8C9FDC87-333B-4ACE-8FB0-698BEBCE40DD}.Release|Any CPU.Build.0 = Release|Any CPU
		{FC286D5E-376F-4F80-A4FE-A1E36BB148C3}.Debug|Any CPU.ActiveCfg = Debug|Any CPU
		{FC286D5E-376F-4F80-A4FE-A1E36BB148C3}.Debug|Any CPU.Build.0 = Debug|Any CPU
		{FC286D5E-376F-4F80-A4FE-A1E36BB148C3}.Release|Any CPU.ActiveCfg = Release|Any CPU
		{FC286D5E-376F-4F80-A4FE-A1E36BB148C3}.Release|Any CPU.Build.0 = Release|Any CPU
		{297F090C-8BB5-4384-90C2-33936EFDEAF6}.Debug|Any CPU.ActiveCfg = Debug|Any CPU
		{297F090C-8BB5-4384-90C2-33936EFDEAF6}.Debug|Any CPU.Build.0 = Debug|Any CPU
		{297F090C-8BB5-4384-90C2-33936EFDEAF6}.Release|Any CPU.ActiveCfg = Release|Any CPU
		{297F090C-8BB5-4384-90C2-33936EFDEAF6}.Release|Any CPU.Build.0 = Release|Any CPU
		{C891982C-99D3-45D1-B4A9-FE39A0A65CFE}.Debug|Any CPU.ActiveCfg = Debug|Any CPU
		{C891982C-99D3-45D1-B4A9-FE39A0A65CFE}.Debug|Any CPU.Build.0 = Debug|Any CPU
		{C891982C-99D3-45D1-B4A9-FE39A0A65CFE}.Release|Any CPU.ActiveCfg = Release|Any CPU
		{C891982C-99D3-45D1-B4A9-FE39A0A65CFE}.Release|Any CPU.Build.0 = Release|Any CPU
		{08884BC8-BE3F-4E85-A02C-5842BC75D82C}.Debug|Any CPU.ActiveCfg = Debug|Any CPU
		{08884BC8-BE3F-4E85-A02C-5842BC75D82C}.Debug|Any CPU.Build.0 = Debug|Any CPU
		{08884BC8-BE3F-4E85-A02C-5842BC75D82C}.Release|Any CPU.ActiveCfg = Release|Any CPU
		{08884BC8-BE3F-4E85-A02C-5842BC75D82C}.Release|Any CPU.Build.0 = Release|Any CPU
		{E9BC3BE7-E9DF-409E-B11E-12C865328C65}.Debug|Any CPU.ActiveCfg = Debug|Any CPU
		{E9BC3BE7-E9DF-409E-B11E-12C865328C65}.Debug|Any CPU.Build.0 = Debug|Any CPU
		{E9BC3BE7-E9DF-409E-B11E-12C865328C65}.Release|Any CPU.ActiveCfg = Release|Any CPU
		{E9BC3BE7-E9DF-409E-B11E-12C865328C65}.Release|Any CPU.Build.0 = Release|Any CPU
		{A64DD04F-62C7-4206-BA40-C7D8741B0CDC}.Debug|Any CPU.ActiveCfg = Debug|Any CPU
		{A64DD04F-62C7-4206-BA40-C7D8741B0CDC}.Debug|Any CPU.Build.0 = Debug|Any CPU
		{A64DD04F-62C7-4206-BA40-C7D8741B0CDC}.Release|Any CPU.ActiveCfg = Release|Any CPU
		{A64DD04F-62C7-4206-BA40-C7D8741B0CDC}.Release|Any CPU.Build.0 = Release|Any CPU
		{F4CEC35D-C3FE-4D1C-BE83-33247CEFB697}.Debug|Any CPU.ActiveCfg = Debug|Any CPU
		{F4CEC35D-C3FE-4D1C-BE83-33247CEFB697}.Debug|Any CPU.Build.0 = Debug|Any CPU
		{F4CEC35D-C3FE-4D1C-BE83-33247CEFB697}.Release|Any CPU.ActiveCfg = Release|Any CPU
		{F4CEC35D-C3FE-4D1C-BE83-33247CEFB697}.Release|Any CPU.Build.0 = Release|Any CPU
		{1326ED00-EF84-4938-975C-4A678CF01B5B}.Debug|Any CPU.ActiveCfg = Debug|Any CPU
		{1326ED00-EF84-4938-975C-4A678CF01B5B}.Debug|Any CPU.Build.0 = Debug|Any CPU
		{1326ED00-EF84-4938-975C-4A678CF01B5B}.Release|Any CPU.ActiveCfg = Release|Any CPU
		{1326ED00-EF84-4938-975C-4A678CF01B5B}.Release|Any CPU.Build.0 = Release|Any CPU
		{4E12FF87-0FB8-4B46-9FCB-7258474056AE}.Debug|Any CPU.ActiveCfg = Debug|Any CPU
		{4E12FF87-0FB8-4B46-9FCB-7258474056AE}.Debug|Any CPU.Build.0 = Debug|Any CPU
		{4E12FF87-0FB8-4B46-9FCB-7258474056AE}.Debug|Any CPU.Deploy.0 = Debug|Any CPU
		{4E12FF87-0FB8-4B46-9FCB-7258474056AE}.Release|Any CPU.ActiveCfg = Release|Any CPU
		{4E12FF87-0FB8-4B46-9FCB-7258474056AE}.Release|Any CPU.Build.0 = Release|Any CPU
		{4E12FF87-0FB8-4B46-9FCB-7258474056AE}.Release|Any CPU.Deploy.0 = Release|Any CPU
		{56784010-9580-46D4-9009-9976544031CF}.Debug|Any CPU.ActiveCfg = Debug|Any CPU
		{56784010-9580-46D4-9009-9976544031CF}.Debug|Any CPU.Build.0 = Debug|Any CPU
		{56784010-9580-46D4-9009-9976544031CF}.Release|Any CPU.ActiveCfg = Release|Any CPU
		{56784010-9580-46D4-9009-9976544031CF}.Release|Any CPU.Build.0 = Release|Any CPU
	EndGlobalSection
	GlobalSection(SolutionProperties) = preSolution
		HideSolutionNode = FALSE
	EndGlobalSection
	GlobalSection(NestedProjects) = preSolution
		{4206BB4D-29BA-45C0-BCE8-F7B1F6184989} = {70B7271F-E447-43C5-BAA8-589464D1D8BF}
		{55F4587F-152D-45C2-8F42-24AE7E88FFEB} = {70B7271F-E447-43C5-BAA8-589464D1D8BF}
		{2A079B52-D3CA-4D22-8E05-35304DBC6EBD} = {4FBB8EA4-A1F9-48AA-A693-382664D2C1E3}
		{B4269AFC-CE63-48FE-A317-1B53FC1E41C4} = {2170BD93-2350-414A-BA0F-BE1E71ABFF68}
		{68EE1BCF-370A-41D2-A3C0-BB5563325657} = {2170BD93-2350-414A-BA0F-BE1E71ABFF68}
		{8C9FDC87-333B-4ACE-8FB0-698BEBCE40DD} = {2170BD93-2350-414A-BA0F-BE1E71ABFF68}
		{FC286D5E-376F-4F80-A4FE-A1E36BB148C3} = {2170BD93-2350-414A-BA0F-BE1E71ABFF68}
		{297F090C-8BB5-4384-90C2-33936EFDEAF6} = {2170BD93-2350-414A-BA0F-BE1E71ABFF68}
		{C891982C-99D3-45D1-B4A9-FE39A0A65CFE} = {2170BD93-2350-414A-BA0F-BE1E71ABFF68}
		{08884BC8-BE3F-4E85-A02C-5842BC75D82C} = {2170BD93-2350-414A-BA0F-BE1E71ABFF68}
		{E9BC3BE7-E9DF-409E-B11E-12C865328C65} = {4FBB8EA4-A1F9-48AA-A693-382664D2C1E3}
		{A64DD04F-62C7-4206-BA40-C7D8741B0CDC} = {4FBB8EA4-A1F9-48AA-A693-382664D2C1E3}
		{F4CEC35D-C3FE-4D1C-BE83-33247CEFB697} = {4FBB8EA4-A1F9-48AA-A693-382664D2C1E3}
		{1326ED00-EF84-4938-975C-4A678CF01B5B} = {2170BD93-2350-414A-BA0F-BE1E71ABFF68}
		{4E12FF87-0FB8-4B46-9FCB-7258474056AE} = {4FBB8EA4-A1F9-48AA-A693-382664D2C1E3}
		{56784010-9580-46D4-9009-9976544031CF} = {4FBB8EA4-A1F9-48AA-A693-382664D2C1E3}
	EndGlobalSection
	GlobalSection(ExtensibilityGlobals) = postSolution
		SolutionGuid = {C032A5FB-7757-4E89-86BE-9C6CE6CAD014}
	EndGlobalSection
EndGlobal
